{
    "_readme": [
        "This file locks the dependencies of your project to a known state",
        "Read more about it at https://getcomposer.org/doc/01-basic-usage.md#installing-dependencies",
        "This file is @generated automatically"
    ],
    "content-hash": "cfe5817413bf81967972b42a88e2a5d2",
    "packages": [
        {
            "name": "amphp/amp",
            "version": "v3.1.0",
            "source": {
                "type": "git",
                "url": "https://github.com/amphp/amp.git",
                "reference": "7cf7fef3d667bfe4b2560bc87e67d5387a7bcde9"
            },
            "dist": {
                "type": "zip",
                "url": "https://api.github.com/repos/amphp/amp/zipball/7cf7fef3d667bfe4b2560bc87e67d5387a7bcde9",
                "reference": "7cf7fef3d667bfe4b2560bc87e67d5387a7bcde9",
                "shasum": ""
            },
            "require": {
                "php": ">=8.1",
                "revolt/event-loop": "^1 || ^0.2"
            },
            "require-dev": {
                "amphp/php-cs-fixer-config": "^2",
                "phpunit/phpunit": "^9",
                "psalm/phar": "5.23.1"
            },
            "type": "library",
            "autoload": {
                "files": [
                    "src/functions.php",
                    "src/Future/functions.php",
                    "src/Internal/functions.php"
                ],
                "psr-4": {
                    "Amp\\": "src"
                }
            },
            "notification-url": "https://packagist.org/downloads/",
            "license": [
                "MIT"
            ],
            "authors": [
                {
                    "name": "Aaron Piotrowski",
                    "email": "aaron@trowski.com"
                },
                {
                    "name": "Bob Weinand",
                    "email": "bobwei9@hotmail.com"
                },
                {
                    "name": "Niklas Keller",
                    "email": "me@kelunik.com"
                },
                {
                    "name": "Daniel Lowrey",
                    "email": "rdlowrey@php.net"
                }
            ],
            "description": "A non-blocking concurrency framework for PHP applications.",
            "homepage": "https://amphp.org/amp",
            "keywords": [
                "async",
                "asynchronous",
                "awaitable",
                "concurrency",
                "event",
                "event-loop",
                "future",
                "non-blocking",
                "promise"
            ],
            "support": {
                "issues": "https://github.com/amphp/amp/issues",
                "source": "https://github.com/amphp/amp/tree/v3.1.0"
            },
            "funding": [
                {
                    "url": "https://github.com/amphp",
                    "type": "github"
                }
            ],
            "time": "2025-01-26T16:07:39+00:00"
        },
        {
            "name": "revolt/event-loop",
            "version": "v1.0.7",
            "source": {
                "type": "git",
                "url": "https://github.com/revoltphp/event-loop.git",
                "reference": "09bf1bf7f7f574453efe43044b06fafe12216eb3"
            },
            "dist": {
                "type": "zip",
                "url": "https://api.github.com/repos/revoltphp/event-loop/zipball/09bf1bf7f7f574453efe43044b06fafe12216eb3",
                "reference": "09bf1bf7f7f574453efe43044b06fafe12216eb3",
                "shasum": ""
            },
            "require": {
                "php": ">=8.1"
            },
            "require-dev": {
                "ext-json": "*",
                "jetbrains/phpstorm-stubs": "^2019.3",
                "phpunit/phpunit": "^9",
                "psalm/phar": "^5.15"
            },
            "type": "library",
            "extra": {
                "branch-alias": {
                    "dev-main": "1.x-dev"
                }
            },
            "autoload": {
                "psr-4": {
                    "Revolt\\": "src"
                }
            },
            "notification-url": "https://packagist.org/downloads/",
            "license": [
                "MIT"
            ],
            "authors": [
                {
                    "name": "Aaron Piotrowski",
                    "email": "aaron@trowski.com"
                },
                {
                    "name": "Cees-Jan Kiewiet",
                    "email": "ceesjank@gmail.com"
                },
                {
                    "name": "Christian Lück",
                    "email": "christian@clue.engineering"
                },
                {
                    "name": "Niklas Keller",
                    "email": "me@kelunik.com"
                }
            ],
            "description": "Rock-solid event loop for concurrent PHP applications.",
            "keywords": [
                "async",
                "asynchronous",
                "concurrency",
                "event",
                "event-loop",
                "non-blocking",
                "scheduler"
            ],
            "support": {
                "issues": "https://github.com/revoltphp/event-loop/issues",
                "source": "https://github.com/revoltphp/event-loop/tree/v1.0.7"
            },
            "time": "2025-01-25T19:27:39+00:00"
        }
    ],
    "packages-dev": [],
    "aliases": [],
    "minimum-stability": "stable",
    "stability-flags": {},
    "prefer-stable": false,
    "prefer-lowest": false,
    "platform": {
        "php": ">=8.1"
    },
    "platform-dev": {},
    "plugin-api-version": "2.6.0"
}
